// !$*UTF8*$!
{
	archiveVersion = 1;
	classes = {
	};
	objectVersion = 50;
	objects = {

/* Begin PBXBuildFile section */
		B45B495926D7EA5000165037 /* AppDelegate.swift in Sources */ = {isa = PBXBuildFile; fileRef = B45B495826D7EA5000165037 /* AppDelegate.swift */; };
		B45B495B26D7EA5000165037 /* SceneDelegate.swift in Sources */ = {isa = PBXBuildFile; fileRef = B45B495A26D7EA5000165037 /* SceneDelegate.swift */; };
		B45B495D26D7EA5000165037 /* ViewController.swift in Sources */ = {isa = PBXBuildFile; fileRef = B45B495C26D7EA5000165037 /* ViewController.swift */; };
		B45B496026D7EA5000165037 /* Main.storyboard in Resources */ = {isa = PBXBuildFile; fileRef = B45B495E26D7EA5000165037 /* Main.storyboard */; };
		B45B496326D7EA5000165037 /* iosChallenge.xcdatamodeld in Sources */ = {isa = PBXBuildFile; fileRef = B45B496126D7EA5000165037 /* iosChallenge.xcdatamodeld */; };
		B45B496526D7EA5100165037 /* Assets.xcassets in Resources */ = {isa = PBXBuildFile; fileRef = B45B496426D7EA5100165037 /* Assets.xcassets */; };
		B45B496826D7EA5100165037 /* LaunchScreen.storyboard in Resources */ = {isa = PBXBuildFile; fileRef = B45B496626D7EA5100165037 /* LaunchScreen.storyboard */; };
		B45B497326D7EA5100165037 /* iosChallengeTests.swift in Sources */ = {isa = PBXBuildFile; fileRef = B45B497226D7EA5100165037 /* iosChallengeTests.swift */; };
		B45B497E26D7EA5100165037 /* iosChallengeUITests.swift in Sources */ = {isa = PBXBuildFile; fileRef = B45B497D26D7EA5100165037 /* iosChallengeUITests.swift */; };
		B45C0A7126DD1ACE00A54FFF /* DataTests.swift in Sources */ = {isa = PBXBuildFile; fileRef = B45C0A7026DD1ACE00A54FFF /* DataTests.swift */; };
		B45C0A7326DD205600A54FFF /* UrlTest.swift in Sources */ = {isa = PBXBuildFile; fileRef = B45C0A7226DD205600A54FFF /* UrlTest.swift */; };
		B45C0A7526DD220A00A54FFF /* ApiServiceTest.swift in Sources */ = {isa = PBXBuildFile; fileRef = B45C0A7426DD220A00A54FFF /* ApiServiceTest.swift */; };
		B45C0A7726DD26A800A54FFF /* IntTest.swift in Sources */ = {isa = PBXBuildFile; fileRef = B45C0A7626DD26A800A54FFF /* IntTest.swift */; };
		B45C0A7926DD28B200A54FFF /* StringTest.swift in Sources */ = {isa = PBXBuildFile; fileRef = B45C0A7826DD28B200A54FFF /* StringTest.swift */; };
		B4E0FCB926DA291B00470E44 /* ListCell.xib in Resources */ = {isa = PBXBuildFile; fileRef = B4E0FCB826DA291B00470E44 /* ListCell.xib */; };
		B4E0FCBC26DA29BA00470E44 /* ListCell.swift in Sources */ = {isa = PBXBuildFile; fileRef = B4E0FCBB26DA29BA00470E44 /* ListCell.swift */; };
		B4E0FCBF26DA2C8A00470E44 /* GlobalModel.swift in Sources */ = {isa = PBXBuildFile; fileRef = B4E0FCBE26DA2C8A00470E44 /* GlobalModel.swift */; };
		B4E0FCC226DA503900470E44 /* Int.swift in Sources */ = {isa = PBXBuildFile; fileRef = B4E0FCC126DA503900470E44 /* Int.swift */; };
		B4E0FCCE26DAADA100470E44 /* ApiService.swift in Sources */ = {isa = PBXBuildFile; fileRef = B4E0FCCD26DAADA100470E44 /* ApiService.swift */; };
		B4E0FCD026DAB90600470E44 /* GlobalData.swift in Sources */ = {isa = PBXBuildFile; fileRef = B4E0FCCF26DAB90600470E44 /* GlobalData.swift */; };
		B4E0FCD226DB4E3100470E44 /* GlobalUrl.swift in Sources */ = {isa = PBXBuildFile; fileRef = B4E0FCD126DB4E3100470E44 /* GlobalUrl.swift */; };
		B4E0FCD526DB7C1F00470E44 /* String.swift in Sources */ = {isa = PBXBuildFile; fileRef = B4E0FCD426DB7C1F00470E44 /* String.swift */; };
/* End PBXBuildFile section */

/* Begin PBXContainerItemProxy section */
		B45B496F26D7EA5100165037 /* PBXContainerItemProxy */ = {
			isa = PBXContainerItemProxy;
			containerPortal = B45B494D26D7EA5000165037 /* Project object */;
			proxyType = 1;
			remoteGlobalIDString = B45B495426D7EA5000165037;
			remoteInfo = iosChallenge;
		};
		B45B497A26D7EA5100165037 /* PBXContainerItemProxy */ = {
			isa = PBXContainerItemProxy;
			containerPortal = B45B494D26D7EA5000165037 /* Project object */;
			proxyType = 1;
			remoteGlobalIDString = B45B495426D7EA5000165037;
			remoteInfo = iosChallenge;
		};
/* End PBXContainerItemProxy section */

/* Begin PBXFileReference section */
		B45B495526D7EA5000165037 /* iosChallenge.app */ = {isa = PBXFileReference; explicitFileType = wrapper.application; includeInIndex = 0; path = iosChallenge.app; sourceTree = BUILT_PRODUCTS_DIR; };
		B45B495826D7EA5000165037 /* AppDelegate.swift */ = {isa = PBXFileReference; lastKnownFileType = sourcecode.swift; path = AppDelegate.swift; sourceTree = "<group>"; };
		B45B495A26D7EA5000165037 /* SceneDelegate.swift */ = {isa = PBXFileReference; lastKnownFileType = sourcecode.swift; path = SceneDelegate.swift; sourceTree = "<group>"; };
		B45B495C26D7EA5000165037 /* ViewController.swift */ = {isa = PBXFileReference; lastKnownFileType = sourcecode.swift; path = ViewController.swift; sourceTree = "<group>"; };
		B45B495F26D7EA5000165037 /* Base */ = {isa = PBXFileReference; lastKnownFileType = file.storyboard; name = Base; path = Base.lproj/Main.storyboard; sourceTree = "<group>"; };
		B45B496226D7EA5000165037 /* iosChallenge.xcdatamodel */ = {isa = PBXFileReference; lastKnownFileType = wrapper.xcdatamodel; path = iosChallenge.xcdatamodel; sourceTree = "<group>"; };
		B45B496426D7EA5100165037 /* Assets.xcassets */ = {isa = PBXFileReference; lastKnownFileType = folder.assetcatalog; path = Assets.xcassets; sourceTree = "<group>"; };
		B45B496726D7EA5100165037 /* Base */ = {isa = PBXFileReference; lastKnownFileType = file.storyboard; name = Base; path = Base.lproj/LaunchScreen.storyboard; sourceTree = "<group>"; };
		B45B496926D7EA5100165037 /* Info.plist */ = {isa = PBXFileReference; lastKnownFileType = text.plist.xml; path = Info.plist; sourceTree = "<group>"; };
		B45B496E26D7EA5100165037 /* iosChallengeTests.xctest */ = {isa = PBXFileReference; explicitFileType = wrapper.cfbundle; includeInIndex = 0; path = iosChallengeTests.xctest; sourceTree = BUILT_PRODUCTS_DIR; };
		B45B497226D7EA5100165037 /* iosChallengeTests.swift */ = {isa = PBXFileReference; lastKnownFileType = sourcecode.swift; path = iosChallengeTests.swift; sourceTree = "<group>"; };
		B45B497426D7EA5100165037 /* Info.plist */ = {isa = PBXFileReference; lastKnownFileType = text.plist.xml; path = Info.plist; sourceTree = "<group>"; };
		B45B497926D7EA5100165037 /* iosChallengeUITests.xctest */ = {isa = PBXFileReference; explicitFileType = wrapper.cfbundle; includeInIndex = 0; path = iosChallengeUITests.xctest; sourceTree = BUILT_PRODUCTS_DIR; };
		B45B497D26D7EA5100165037 /* iosChallengeUITests.swift */ = {isa = PBXFileReference; lastKnownFileType = sourcecode.swift; path = iosChallengeUITests.swift; sourceTree = "<group>"; };
		B45B497F26D7EA5100165037 /* Info.plist */ = {isa = PBXFileReference; lastKnownFileType = text.plist.xml; path = Info.plist; sourceTree = "<group>"; };
		B45C0A7026DD1ACE00A54FFF /* DataTests.swift */ = {isa = PBXFileReference; lastKnownFileType = sourcecode.swift; path = DataTests.swift; sourceTree = "<group>"; };
		B45C0A7226DD205600A54FFF /* UrlTest.swift */ = {isa = PBXFileReference; lastKnownFileType = sourcecode.swift; path = UrlTest.swift; sourceTree = "<group>"; };
		B45C0A7426DD220A00A54FFF /* ApiServiceTest.swift */ = {isa = PBXFileReference; lastKnownFileType = sourcecode.swift; path = ApiServiceTest.swift; sourceTree = "<group>"; };
		B45C0A7626DD26A800A54FFF /* IntTest.swift */ = {isa = PBXFileReference; lastKnownFileType = sourcecode.swift; path = IntTest.swift; sourceTree = "<group>"; };
		B45C0A7826DD28B200A54FFF /* StringTest.swift */ = {isa = PBXFileReference; lastKnownFileType = sourcecode.swift; path = StringTest.swift; sourceTree = "<group>"; };
		B4E0FCB826DA291B00470E44 /* ListCell.xib */ = {isa = PBXFileReference; lastKnownFileType = file.xib; path = ListCell.xib; sourceTree = "<group>"; };
		B4E0FCBB26DA29BA00470E44 /* ListCell.swift */ = {isa = PBXFileReference; lastKnownFileType = sourcecode.swift; path = ListCell.swift; sourceTree = "<group>"; };
		B4E0FCBE26DA2C8A00470E44 /* GlobalModel.swift */ = {isa = PBXFileReference; lastKnownFileType = sourcecode.swift; path = GlobalModel.swift; sourceTree = "<group>"; };
		B4E0FCC126DA503900470E44 /* Int.swift */ = {isa = PBXFileReference; lastKnownFileType = sourcecode.swift; path = Int.swift; sourceTree = "<group>"; };
		B4E0FCCD26DAADA100470E44 /* ApiService.swift */ = {isa = PBXFileReference; lastKnownFileType = sourcecode.swift; path = ApiService.swift; sourceTree = "<group>"; };
		B4E0FCCF26DAB90600470E44 /* GlobalData.swift */ = {isa = PBXFileReference; lastKnownFileType = sourcecode.swift; path = GlobalData.swift; sourceTree = "<group>"; };
		B4E0FCD126DB4E3100470E44 /* GlobalUrl.swift */ = {isa = PBXFileReference; lastKnownFileType = sourcecode.swift; path = GlobalUrl.swift; sourceTree = "<group>"; };
		B4E0FCD426DB7C1F00470E44 /* String.swift */ = {isa = PBXFileReference; lastKnownFileType = sourcecode.swift; path = String.swift; sourceTree = "<group>"; };
/* End PBXFileReference section */

/* Begin PBXFrameworksBuildPhase section */
		B45B495226D7EA5000165037 /* Frameworks */ = {
			isa = PBXFrameworksBuildPhase;
			buildActionMask = 2147483647;
			files = (
			);
			runOnlyForDeploymentPostprocessing = 0;
		};
		B45B496B26D7EA5100165037 /* Frameworks */ = {
			isa = PBXFrameworksBuildPhase;
			buildActionMask = 2147483647;
			files = (
			);
			runOnlyForDeploymentPostprocessing = 0;
		};
		B45B497626D7EA5100165037 /* Frameworks */ = {
			isa = PBXFrameworksBuildPhase;
			buildActionMask = 2147483647;
			files = (
			);
			runOnlyForDeploymentPostprocessing = 0;
		};
/* End PBXFrameworksBuildPhase section */

/* Begin PBXGroup section */
		B45B494C26D7EA5000165037 = {
			isa = PBXGroup;
			children = (
				B45B495726D7EA5000165037 /* iosChallenge */,
				B45B497126D7EA5100165037 /* iosChallengeTests */,
				B45B497C26D7EA5100165037 /* iosChallengeUITests */,
				B45B495626D7EA5000165037 /* Products */,
			);
			sourceTree = "<group>";
		};
		B45B495626D7EA5000165037 /* Products */ = {
			isa = PBXGroup;
			children = (
				B45B495526D7EA5000165037 /* iosChallenge.app */,
				B45B496E26D7EA5100165037 /* iosChallengeTests.xctest */,
				B45B497926D7EA5100165037 /* iosChallengeUITests.xctest */,
			);
			name = Products;
			sourceTree = "<group>";
		};
		B45B495726D7EA5000165037 /* iosChallenge */ = {
			isa = PBXGroup;
			children = (
				B4E0FCD326DB661D00470E44 /* UI */,
				B4E0FCC626DA532600470E44 /* Data */,
				B4E0FCC326DA52D500470E44 /* Network */,
				B4E0FCC026DA500F00470E44 /* Extensions */,
				B4E0FCBD26DA2C0000470E44 /* Models */,
				B45B495826D7EA5000165037 /* AppDelegate.swift */,
				B45B496426D7EA5100165037 /* Assets.xcassets */,
				B45B496926D7EA5100165037 /* Info.plist */,
				B45B496126D7EA5000165037 /* iosChallenge.xcdatamodeld */,
			);
			path = iosChallenge;
			sourceTree = "<group>";
		};
		B45B497126D7EA5100165037 /* iosChallengeTests */ = {
			isa = PBXGroup;
			children = (
				B45B497226D7EA5100165037 /* iosChallengeTests.swift */,
				B45B497426D7EA5100165037 /* Info.plist */,
				B45C0A7026DD1ACE00A54FFF /* DataTests.swift */,
				B45C0A7226DD205600A54FFF /* UrlTest.swift */,
				B45C0A7426DD220A00A54FFF /* ApiServiceTest.swift */,
				B45C0A7626DD26A800A54FFF /* IntTest.swift */,
				B45C0A7826DD28B200A54FFF /* StringTest.swift */,
			);
			path = iosChallengeTests;
			sourceTree = "<group>";
		};
		B45B497C26D7EA5100165037 /* iosChallengeUITests */ = {
			isa = PBXGroup;
			children = (
				B45B497D26D7EA5100165037 /* iosChallengeUITests.swift */,
				B45B497F26D7EA5100165037 /* Info.plist */,
			);
			path = iosChallengeUITests;
			sourceTree = "<group>";
		};
		B4E0FCBA26DA29A400470E44 /* Cell */ = {
			isa = PBXGroup;
			children = (
				B4E0FCB826DA291B00470E44 /* ListCell.xib */,
				B4E0FCBB26DA29BA00470E44 /* ListCell.swift */,
			);
			path = Cell;
			sourceTree = "<group>";
		};
		B4E0FCBD26DA2C0000470E44 /* Models */ = {
			isa = PBXGroup;
			children = (
				B4E0FCBE26DA2C8A00470E44 /* GlobalModel.swift */,
			);
			path = Models;
			sourceTree = "<group>";
		};
		B4E0FCC026DA500F00470E44 /* Extensions */ = {
			isa = PBXGroup;
			children = (
				B4E0FCC126DA503900470E44 /* Int.swift */,
				B4E0FCD426DB7C1F00470E44 /* String.swift */,
			);
			path = Extensions;
			sourceTree = "<group>";
		};
		B4E0FCC326DA52D500470E44 /* Network */ = {
			isa = PBXGroup;
			children = (
				B4E0FCCD26DAADA100470E44 /* ApiService.swift */,
			);
			path = Network;
			sourceTree = "<group>";
		};
		B4E0FCC626DA532600470E44 /* Data */ = {
			isa = PBXGroup;
			children = (
				B4E0FCCF26DAB90600470E44 /* GlobalData.swift */,
				B4E0FCD126DB4E3100470E44 /* GlobalUrl.swift */,
			);
			path = Data;
			sourceTree = "<group>";
		};
		B4E0FCD326DB661D00470E44 /* UI */ = {
			isa = PBXGroup;
			children = (
				B45B495A26D7EA5000165037 /* SceneDelegate.swift */,
				B45B496626D7EA5100165037 /* LaunchScreen.storyboard */,
				B45B495C26D7EA5000165037 /* ViewController.swift */,
				B45B495E26D7EA5000165037 /* Main.storyboard */,
				B4E0FCBA26DA29A400470E44 /* Cell */,
			);
			path = UI;
			sourceTree = "<group>";
		};
/* End PBXGroup section */

/* Begin PBXNativeTarget section */
		B45B495426D7EA5000165037 /* iosChallenge */ = {
			isa = PBXNativeTarget;
			buildConfigurationList = B45B498226D7EA5100165037 /* Build configuration list for PBXNativeTarget "iosChallenge" */;
			buildPhases = (
				B45B495126D7EA5000165037 /* Sources */,
				B45B495226D7EA5000165037 /* Frameworks */,
				B45B495326D7EA5000165037 /* Resources */,
			);
			buildRules = (
			);
			dependencies = (
			);
			name = iosChallenge;
			productName = iosChallenge;
			productReference = B45B495526D7EA5000165037 /* iosChallenge.app */;
			productType = "com.apple.product-type.application";
		};
		B45B496D26D7EA5100165037 /* iosChallengeTests */ = {
			isa = PBXNativeTarget;
			buildConfigurationList = B45B498526D7EA5100165037 /* Build configuration list for PBXNativeTarget "iosChallengeTests" */;
			buildPhases = (
				B45B496A26D7EA5100165037 /* Sources */,
				B45B496B26D7EA5100165037 /* Frameworks */,
				B45B496C26D7EA5100165037 /* Resources */,
			);
			buildRules = (
			);
			dependencies = (
				B45B497026D7EA5100165037 /* PBXTargetDependency */,
			);
			name = iosChallengeTests;
			productName = iosChallengeTests;
			productReference = B45B496E26D7EA5100165037 /* iosChallengeTests.xctest */;
			productType = "com.apple.product-type.bundle.unit-test";
		};
		B45B497826D7EA5100165037 /* iosChallengeUITests */ = {
			isa = PBXNativeTarget;
			buildConfigurationList = B45B498826D7EA5100165037 /* Build configuration list for PBXNativeTarget "iosChallengeUITests" */;
			buildPhases = (
				B45B497526D7EA5100165037 /* Sources */,
				B45B497626D7EA5100165037 /* Frameworks */,
				B45B497726D7EA5100165037 /* Resources */,
			);
			buildRules = (
			);
			dependencies = (
				B45B497B26D7EA5100165037 /* PBXTargetDependency */,
			);
			name = iosChallengeUITests;
			productName = iosChallengeUITests;
			productReference = B45B497926D7EA5100165037 /* iosChallengeUITests.xctest */;
			productType = "com.apple.product-type.bundle.ui-testing";
		};
/* End PBXNativeTarget section */

/* Begin PBXProject section */
		B45B494D26D7EA5000165037 /* Project object */ = {
			isa = PBXProject;
			attributes = {
				LastSwiftUpdateCheck = 1250;
				LastUpgradeCheck = 1250;
				TargetAttributes = {
					B45B495426D7EA5000165037 = {
						CreatedOnToolsVersion = 12.5;
					};
					B45B496D26D7EA5100165037 = {
						CreatedOnToolsVersion = 12.5;
						TestTargetID = B45B495426D7EA5000165037;
					};
					B45B497826D7EA5100165037 = {
						CreatedOnToolsVersion = 12.5;
						TestTargetID = B45B495426D7EA5000165037;
					};
				};
			};
			buildConfigurationList = B45B495026D7EA5000165037 /* Build configuration list for PBXProject "iosChallenge" */;
			compatibilityVersion = "Xcode 9.3";
			developmentRegion = en;
			hasScannedForEncodings = 0;
			knownRegions = (
				en,
				Base,
			);
			mainGroup = B45B494C26D7EA5000165037;
			productRefGroup = B45B495626D7EA5000165037 /* Products */;
			projectDirPath = "";
			projectRoot = "";
			targets = (
				B45B495426D7EA5000165037 /* iosChallenge */,
				B45B496D26D7EA5100165037 /* iosChallengeTests */,
				B45B497826D7EA5100165037 /* iosChallengeUITests */,
			);
		};
/* End PBXProject section */

/* Begin PBXResourcesBuildPhase section */
		B45B495326D7EA5000165037 /* Resources */ = {
			isa = PBXResourcesBuildPhase;
			buildActionMask = 2147483647;
			files = (
				B45B496826D7EA5100165037 /* LaunchScreen.storyboard in Resources */,
				B4E0FCB926DA291B00470E44 /* ListCell.xib in Resources */,
				B45B496526D7EA5100165037 /* Assets.xcassets in Resources */,
				B45B496026D7EA5000165037 /* Main.storyboard in Resources */,
			);
			runOnlyForDeploymentPostprocessing = 0;
		};
		B45B496C26D7EA5100165037 /* Resources */ = {
			isa = PBXResourcesBuildPhase;
			buildActionMask = 2147483647;
			files = (
			);
			runOnlyForDeploymentPostprocessing = 0;
		};
		B45B497726D7EA5100165037 /* Resources */ = {
			isa = PBXResourcesBuildPhase;
			buildActionMask = 2147483647;
			files = (
			);
			runOnlyForDeploymentPostprocessing = 0;
		};
/* End PBXResourcesBuildPhase section */

/* Begin PBXSourcesBuildPhase section */
		B45B495126D7EA5000165037 /* Sources */ = {
			isa = PBXSourcesBuildPhase;
			buildActionMask = 2147483647;
			files = (
				B45B495D26D7EA5000165037 /* ViewController.swift in Sources */,
				B4E0FCD526DB7C1F00470E44 /* String.swift in Sources */,
				B45B495926D7EA5000165037 /* AppDelegate.swift in Sources */,
				B4E0FCBF26DA2C8A00470E44 /* GlobalModel.swift in Sources */,
				B4E0FCD026DAB90600470E44 /* GlobalData.swift in Sources */,
				B4E0FCC226DA503900470E44 /* Int.swift in Sources */,
				B4E0FCCE26DAADA100470E44 /* ApiService.swift in Sources */,
				B45B495B26D7EA5000165037 /* SceneDelegate.swift in Sources */,
				B4E0FCBC26DA29BA00470E44 /* ListCell.swift in Sources */,
				B45B496326D7EA5000165037 /* iosChallenge.xcdatamodeld in Sources */,
				B4E0FCD226DB4E3100470E44 /* GlobalUrl.swift in Sources */,
			);
			runOnlyForDeploymentPostprocessing = 0;
		};
		B45B496A26D7EA5100165037 /* Sources */ = {
			isa = PBXSourcesBuildPhase;
			buildActionMask = 2147483647;
			files = (
				B45B497326D7EA5100165037 /* iosChallengeTests.swift in Sources */,
				B45C0A7126DD1ACE00A54FFF /* DataTests.swift in Sources */,
				B45C0A7926DD28B200A54FFF /* StringTest.swift in Sources */,
				B45C0A7726DD26A800A54FFF /* IntTest.swift in Sources */,
				B45C0A7526DD220A00A54FFF /* ApiServiceTest.swift in Sources */,
				B45C0A7326DD205600A54FFF /* UrlTest.swift in Sources */,
			);
			runOnlyForDeploymentPostprocessing = 0;
		};
		B45B497526D7EA5100165037 /* Sources */ = {
			isa = PBXSourcesBuildPhase;
			buildActionMask = 2147483647;
			files = (
				B45B497E26D7EA5100165037 /* iosChallengeUITests.swift in Sources */,
			);
			runOnlyForDeploymentPostprocessing = 0;
		};
/* End PBXSourcesBuildPhase section */

/* Begin PBXTargetDependency section */
		B45B497026D7EA5100165037 /* PBXTargetDependency */ = {
			isa = PBXTargetDependency;
			target = B45B495426D7EA5000165037 /* iosChallenge */;
			targetProxy = B45B496F26D7EA5100165037 /* PBXContainerItemProxy */;
		};
		B45B497B26D7EA5100165037 /* PBXTargetDependency */ = {
			isa = PBXTargetDependency;
			target = B45B495426D7EA5000165037 /* iosChallenge */;
			targetProxy = B45B497A26D7EA5100165037 /* PBXContainerItemProxy */;
		};
/* End PBXTargetDependency section */

/* Begin PBXVariantGroup section */
		B45B495E26D7EA5000165037 /* Main.storyboard */ = {
			isa = PBXVariantGroup;
			children = (
				B45B495F26D7EA5000165037 /* Base */,
			);
			name = Main.storyboard;
			sourceTree = "<group>";
		};
		B45B496626D7EA5100165037 /* LaunchScreen.storyboard */ = {
			isa = PBXVariantGroup;
			children = (
				B45B496726D7EA5100165037 /* Base */,
			);
			name = LaunchScreen.storyboard;
			sourceTree = "<group>";
		};
/* End PBXVariantGroup section */

/* Begin XCBuildConfiguration section */
		B45B498026D7EA5100165037 /* Debug */ = {
			isa = XCBuildConfiguration;
			buildSettings = {
				ALWAYS_SEARCH_USER_PATHS = NO;
				CLANG_ANALYZER_NONNULL = YES;
				CLANG_ANALYZER_NUMBER_OBJECT_CONVERSION = YES_AGGRESSIVE;
				CLANG_CXX_LANGUAGE_STANDARD = "gnu++14";
				CLANG_CXX_LIBRARY = "libc++";
				CLANG_ENABLE_MODULES = YES;
				CLANG_ENABLE_OBJC_ARC = YES;
				CLANG_ENABLE_OBJC_WEAK = YES;
				CLANG_WARN_BLOCK_CAPTURE_AUTORELEASING = YES;
				CLANG_WARN_BOOL_CONVERSION = YES;
				CLANG_WARN_COMMA = YES;
				CLANG_WARN_CONSTANT_CONVERSION = YES;
				CLANG_WARN_DEPRECATED_OBJC_IMPLEMENTATIONS = YES;
				CLANG_WARN_DIRECT_OBJC_ISA_USAGE = YES_ERROR;
				CLANG_WARN_DOCUMENTATION_COMMENTS = YES;
				CLANG_WARN_EMPTY_BODY = YES;
				CLANG_WARN_ENUM_CONVERSION = YES;
				CLANG_WARN_INFINITE_RECURSION = YES;
				CLANG_WARN_INT_CONVERSION = YES;
				CLANG_WARN_NON_LITERAL_NULL_CONVERSION = YES;
				CLANG_WARN_OBJC_IMPLICIT_RETAIN_SELF = YES;
				CLANG_WARN_OBJC_LITERAL_CONVERSION = YES;
				CLANG_WARN_OBJC_ROOT_CLASS = YES_ERROR;
				CLANG_WARN_QUOTED_INCLUDE_IN_FRAMEWORK_HEADER = YES;
				CLANG_WARN_RANGE_LOOP_ANALYSIS = YES;
				CLANG_WARN_STRICT_PROTOTYPES = YES;
				CLANG_WARN_SUSPICIOUS_MOVE = YES;
				CLANG_WARN_UNGUARDED_AVAILABILITY = YES_AGGRESSIVE;
				CLANG_WARN_UNREACHABLE_CODE = YES;
				CLANG_WARN__DUPLICATE_METHOD_MATCH = YES;
				COPY_PHASE_STRIP = NO;
				DEBUG_INFORMATION_FORMAT = dwarf;
				ENABLE_STRICT_OBJC_MSGSEND = YES;
				ENABLE_TESTABILITY = YES;
				GCC_C_LANGUAGE_STANDARD = gnu11;
				GCC_DYNAMIC_NO_PIC = NO;
				GCC_NO_COMMON_BLOCKS = YES;
				GCC_OPTIMIZATION_LEVEL = 0;
				GCC_PREPROCESSOR_DEFINITIONS = (
					"DEBUG=1",
					"$(inherited)",
				);
				GCC_WARN_64_TO_32_BIT_CONVERSION = YES;
				GCC_WARN_ABOUT_RETURN_TYPE = YES_ERROR;
				GCC_WARN_UNDECLARED_SELECTOR = YES;
				GCC_WARN_UNINITIALIZED_AUTOS = YES_AGGRESSIVE;
				GCC_WARN_UNUSED_FUNCTION = YES;
				GCC_WARN_UNUSED_VARIABLE = YES;
				IPHONEOS_DEPLOYMENT_TARGET = 14.5;
				MTL_ENABLE_DEBUG_INFO = INCLUDE_SOURCE;
				MTL_FAST_MATH = YES;
				ONLY_ACTIVE_ARCH = YES;
				SDKROOT = iphoneos;
				SWIFT_ACTIVE_COMPILATION_CONDITIONS = DEBUG;
				SWIFT_OPTIMIZATION_LEVEL = "-Onone";
			};
			name = Debug;
		};
		B45B498126D7EA5100165037 /* Release */ = {
			isa = XCBuildConfiguration;
			buildSettings = {
				ALWAYS_SEARCH_USER_PATHS = NO;
				CLANG_ANALYZER_NONNULL = YES;
				CLANG_ANALYZER_NUMBER_OBJECT_CONVERSION = YES_AGGRESSIVE;
				CLANG_CXX_LANGUAGE_STANDARD = "gnu++14";
				CLANG_CXX_LIBRARY = "libc++";
				CLANG_ENABLE_MODULES = YES;
				CLANG_ENABLE_OBJC_ARC = YES;
				CLANG_ENABLE_OBJC_WEAK = YES;
				CLANG_WARN_BLOCK_CAPTURE_AUTORELEASING = YES;
				CLANG_WARN_BOOL_CONVERSION = YES;
				CLANG_WARN_COMMA = YES;
				CLANG_WARN_CONSTANT_CONVERSION = YES;
				CLANG_WARN_DEPRECATED_OBJC_IMPLEMENTATIONS = YES;
				CLANG_WARN_DIRECT_OBJC_ISA_USAGE = YES_ERROR;
				CLANG_WARN_DOCUMENTATION_COMMENTS = YES;
				CLANG_WARN_EMPTY_BODY = YES;
				CLANG_WARN_ENUM_CONVERSION = YES;
				CLANG_WARN_INFINITE_RECURSION = YES;
				CLANG_WARN_INT_CONVERSION = YES;
				CLANG_WARN_NON_LITERAL_NULL_CONVERSION = YES;
				CLANG_WARN_OBJC_IMPLICIT_RETAIN_SELF = YES;
				CLANG_WARN_OBJC_LITERAL_CONVERSION = YES;
				CLANG_WARN_OBJC_ROOT_CLASS = YES_ERROR;
				CLANG_WARN_QUOTED_INCLUDE_IN_FRAMEWORK_HEADER = YES;
				CLANG_WARN_RANGE_LOOP_ANALYSIS = YES;
				CLANG_WARN_STRICT_PROTOTYPES = YES;
				CLANG_WARN_SUSPICIOUS_MOVE = YES;
				CLANG_WARN_UNGUARDED_AVAILABILITY = YES_AGGRESSIVE;
				CLANG_WARN_UNREACHABLE_CODE = YES;
				CLANG_WARN__DUPLICATE_METHOD_MATCH = YES;
				COPY_PHASE_STRIP = NO;
				DEBUG_INFORMATION_FORMAT = "dwarf-with-dsym";
				ENABLE_NS_ASSERTIONS = NO;
				ENABLE_STRICT_OBJC_MSGSEND = YES;
				GCC_C_LANGUAGE_STANDARD = gnu11;
				GCC_NO_COMMON_BLOCKS = YES;
				GCC_WARN_64_TO_32_BIT_CONVERSION = YES;
				GCC_WARN_ABOUT_RETURN_TYPE = YES_ERROR;
				GCC_WARN_UNDECLARED_SELECTOR = YES;
				GCC_WARN_UNINITIALIZED_AUTOS = YES_AGGRESSIVE;
				GCC_WARN_UNUSED_FUNCTION = YES;
				GCC_WARN_UNUSED_VARIABLE = YES;
				IPHONEOS_DEPLOYMENT_TARGET = 14.5;
				MTL_ENABLE_DEBUG_INFO = NO;
				MTL_FAST_MATH = YES;
				SDKROOT = iphoneos;
				SWIFT_COMPILATION_MODE = wholemodule;
				SWIFT_OPTIMIZATION_LEVEL = "-O";
				VALIDATE_PRODUCT = YES;
			};
			name = Release;
		};
		B45B498326D7EA5100165037 /* Debug */ = {
			isa = XCBuildConfiguration;
			buildSettings = {
				ASSETCATALOG_COMPILER_APPICON_NAME = AppIcon;
				ASSETCATALOG_COMPILER_GLOBAL_ACCENT_COLOR_NAME = AccentColor;
				CODE_SIGN_STYLE = Automatic;
				DEVELOPMENT_TEAM = TPPHJL7HG3;
				INFOPLIST_FILE = iosChallenge/Info.plist;
				LD_RUNPATH_SEARCH_PATHS = (
					"$(inherited)",
					"@executable_path/Frameworks",
				);
				PRODUCT_BUNDLE_IDENTIFIER = puyue.iosChallenge;
				PRODUCT_NAME = "$(TARGET_NAME)";
				SWIFT_VERSION = 5.0;
				TARGETED_DEVICE_FAMILY = "1,2";
			};
			name = Debug;
		};
		B45B498426D7EA5100165037 /* Release */ = {
			isa = XCBuildConfiguration;
			buildSettings = {
				ASSETCATALOG_COMPILER_APPICON_NAME = AppIcon;
				ASSETCATALOG_COMPILER_GLOBAL_ACCENT_COLOR_NAME = AccentColor;
				CODE_SIGN_STYLE = Automatic;
				DEVELOPMENT_TEAM = TPPHJL7HG3;
				INFOPLIST_FILE = iosChallenge/Info.plist;
				LD_RUNPATH_SEARCH_PATHS = (
					"$(inherited)",
					"@executable_path/Frameworks",
				);
				PRODUCT_BUNDLE_IDENTIFIER = puyue.iosChallenge;
				PRODUCT_NAME = "$(TARGET_NAME)";
				SWIFT_VERSION = 5.0;
				TARGETED_DEVICE_FAMILY = "1,2";
			};
			name = Release;
		};
		B45B498626D7EA5100165037 /* Debug */ = {
			isa = XCBuildConfiguration;
			buildSettings = {
				ALWAYS_EMBED_SWIFT_STANDARD_LIBRARIES = YES;
				BUNDLE_LOADER = "$(TEST_HOST)";
				CODE_SIGN_STYLE = Automatic;
				DEVELOPMENT_TEAM = TPPHJL7HG3;
				INFOPLIST_FILE = iosChallengeTests/Info.plist;
				IPHONEOS_DEPLOYMENT_TARGET = 14.5;
				LD_RUNPATH_SEARCH_PATHS = (
					"$(inherited)",
					"@executable_path/Frameworks",
					"@loader_path/Frameworks",
				);
				PRODUCT_BUNDLE_IDENTIFIER = puyue.iosChallengeTests;
				PRODUCT_NAME = "$(TARGET_NAME)";
				SWIFT_VERSION = 5.0;
				TARGETED_DEVICE_FAMILY = "1,2";
				TEST_HOST = "$(BUILT_PRODUCTS_DIR)/iosChallenge.app/iosChallenge";
			};
			name = Debug;
		};
		B45B498726D7EA5100165037 /* Release */ = {
			isa = XCBuildConfiguration;
			buildSettings = {
				ALWAYS_EMBED_SWIFT_STANDARD_LIBRARIES = YES;
				BUNDLE_LOADER = "$(TEST_HOST)";
				CODE_SIGN_STYLE = Automatic;
				DEVELOPMENT_TEAM = TPPHJL7HG3;
				INFOPLIST_FILE = iosChallengeTests/Info.plist;
				IPHONEOS_DEPLOYMENT_TARGET = 14.5;
				LD_RUNPATH_SEARCH_PATHS = (
					"$(inherited)",
					"@executable_path/Frameworks",
					"@loader_path/Frameworks",
				);
				PRODUCT_BUNDLE_IDENTIFIER = puyue.iosChallengeTests;
				PRODUCT_NAME = "$(TARGET_NAME)";
				SWIFT_VERSION = 5.0;
				TARGETED_DEVICE_FAMILY = "1,2";
				TEST_HOST = "$(BUILT_PRODUCTS_DIR)/iosChallenge.app/iosChallenge";
			};
			name = Release;
		};
		B45B498926D7EA5100165037 /* Debug */ = {
			isa = XCBuildConfiguration;
			buildSettings = {
				ALWAYS_EMBED_SWIFT_STANDARD_LIBRARIES = YES;
				CODE_SIGN_STYLE = Automatic;
				DEVELOPMENT_TEAM = TPPHJL7HG3;
				INFOPLIST_FILE = iosChallengeUITests/Info.plist;
				LD_RUNPATH_SEARCH_PATHS = (
					"$(inherited)",
					"@executable_path/Frameworks",
					"@loader_path/Frameworks",
				);
				PRODUCT_BUNDLE_IDENTIFIER = puyue.iosChallengeUITests;
				PRODUCT_NAME = "$(TARGET_NAME)";
				SWIFT_VERSION = 5.0;
				TARGETED_DEVICE_FAMILY = "1,2";
				TEST_TARGET_NAME = iosChallenge;
			};
			name = Debug;
		};
		B45B498A26D7EA5100165037 /* Release */ = {
			isa = XCBuildConfiguration;
			buildSettings = {
				ALWAYS_EMBED_SWIFT_STANDARD_LIBRARIES = YES;
				CODE_SIGN_STYLE = Automatic;
				DEVELOPMENT_TEAM = TPPHJL7HG3;
				INFOPLIST_FILE = iosChallengeUITests/Info.plist;
				LD_RUNPATH_SEARCH_PATHS = (
					"$(inherited)",
					"@executable_path/Frameworks",
					"@loader_path/Frameworks",
				);
				PRODUCT_BUNDLE_IDENTIFIER = puyue.iosChallengeUITests;
				PRODUCT_NAME = "$(TARGET_NAME)";
				SWIFT_VERSION = 5.0;
				TARGETED_DEVICE_FAMILY = "1,2";
				TEST_TARGET_NAME = iosChallenge;
			};
			name = Release;
		};
/* End XCBuildConfiguration section */

/* Begin XCConfigurationList section */
		B45B495026D7EA5000165037 /* Build configuration list for PBXProject "iosChallenge" */ = {
			isa = XCConfigurationList;
			buildConfigurations = (
				B45B498026D7EA5100165037 /* Debug */,
				B45B498126D7EA5100165037 /* Release */,
			);
			defaultConfigurationIsVisible = 0;
			defaultConfigurationName = Release;
		};
		B45B498226D7EA5100165037 /* Build configuration list for PBXNativeTarget "iosChallenge" */ = {
			isa = XCConfigurationList;
			buildConfigurations = (
				B45B498326D7EA5100165037 /* Debug */,
				B45B498426D7EA5100165037 /* Release */,
			);
			defaultConfigurationIsVisible = 0;
			defaultConfigurationName = Release;
		};
		B45B498526D7EA5100165037 /* Build configuration list for PBXNativeTarget "iosChallengeTests" */ = {
			isa = XCConfigurationList;
			buildConfigurations = (
				B45B498626D7EA5100165037 /* Debug */,
				B45B498726D7EA5100165037 /* Release */,
			);
			defaultConfigurationIsVisible = 0;
			defaultConfigurationName = Release;
		};
		B45B498826D7EA5100165037 /* Build configuration list for PBXNativeTarget "iosChallengeUITests" */ = {
			isa = XCConfigurationList;
			buildConfigurations = (
				B45B498926D7EA5100165037 /* Debug */,
				B45B498A26D7EA5100165037 /* Release */,
			);
			defaultConfigurationIsVisible = 0;
			defaultConfigurationName = Release;
		};
/* End XCConfigurationList section */

/* Begin XCVersionGroup section */
		B45B496126D7EA5000165037 /* iosChallenge.xcdatamodeld */ = {
			isa = XCVersionGroup;
			children = (
				B45B496226D7EA5000165037 /* iosChallenge.xcdatamodel */,
			);
			currentVersion = B45B496226D7EA5000165037 /* iosChallenge.xcdatamodel */;
			path = iosChallenge.xcdatamodeld;
			sourceTree = "<group>";
			versionGroupType = wrapper.xcdatamodel;
		};
/* End XCVersionGroup section */
	};
	rootObject = B45B494D26D7EA5000165037 /* Project object */;
}
